// !$*UTF8*$!
{
	archiveVersion = 1;
	classes = {
	};
	objectVersion = 56;
	objects = {

/* Begin PBXBuildFile section */
		A52CEB292B57FD07008866CA /* Assets.xcassets in Resources */ = {isa = PBXBuildFile; fileRef = A52CEB282B57FD07008866CA /* Assets.xcassets */; };
		A52CEB2C2B57FD07008866CA /* Preview Assets.xcassets in Resources */ = {isa = PBXBuildFile; fileRef = A52CEB2B2B57FD07008866CA /* Preview Assets.xcassets */; };
		A57DC8DC2B73C829004D3B2D /* AIview.swift in Sources */ = {isa = PBXBuildFile; fileRef = A57DC8DB2B73C829004D3B2D /* AIview.swift */; };
		A57DC8E42B73C86F004D3B2D /* CardInputView.swift in Sources */ = {isa = PBXBuildFile; fileRef = A57DC8DD2B73C86F004D3B2D /* CardInputView.swift */; };
		A57DC8E52B73C86F004D3B2D /* QRCodeView.swift in Sources */ = {isa = PBXBuildFile; fileRef = A57DC8DE2B73C86F004D3B2D /* QRCodeView.swift */; };
		A57DC8E62B73C86F004D3B2D /* FinalCardView.swift in Sources */ = {isa = PBXBuildFile; fileRef = A57DC8DF2B73C86F004D3B2D /* FinalCardView.swift */; };
		A57DC8E72B73C86F004D3B2D /* OpenAIService.swift in Sources */ = {isa = PBXBuildFile; fileRef = A57DC8E02B73C86F004D3B2D /* OpenAIService.swift */; };
		A57DC8E82B73C86F004D3B2D /* ChatViewModel.swift in Sources */ = {isa = PBXBuildFile; fileRef = A57DC8E12B73C86F004D3B2D /* ChatViewModel.swift */; };
		A57DC8E92B73C86F004D3B2D /* Preview.swift in Sources */ = {isa = PBXBuildFile; fileRef = A57DC8E22B73C86F004D3B2D /* Preview.swift */; };
		A57DC8EA2B73C86F004D3B2D /* SplashPage.swift in Sources */ = {isa = PBXBuildFile; fileRef = A57DC8E32B73C86F004D3B2D /* SplashPage.swift */; };
		A57DC8EC2B73C87E004D3B2D /* SplashPage.swift in Sources */ = {isa = PBXBuildFile; fileRef = A57DC8EB2B73C87E004D3B2D /* SplashPage.swift */; };
		A57DC8EE2B73C8A3004D3B2D /* OpenAIService.swift in Sources */ = {isa = PBXBuildFile; fileRef = A57DC8ED2B73C8A3004D3B2D /* OpenAIService.swift */; };
		A57DC8F02B73C8AF004D3B2D /* FinalCardView.swift in Sources */ = {isa = PBXBuildFile; fileRef = A57DC8EF2B73C8AF004D3B2D /* FinalCardView.swift */; };
		A57DC8F22B73C8BB004D3B2D /* ChatViewModel.swift in Sources */ = {isa = PBXBuildFile; fileRef = A57DC8F12B73C8BB004D3B2D /* ChatViewModel.swift */; };
		A57DC8F42B73C8C2004D3B2D /* CardInputView.swift in Sources */ = {isa = PBXBuildFile; fileRef = A57DC8F32B73C8C2004D3B2D /* CardInputView.swift */; };
		A57DC8F62B73C8CE004D3B2D /* AbarApp.swift in Sources */ = {isa = PBXBuildFile; fileRef = A57DC8F52B73C8CE004D3B2D /* AbarApp.swift */; };
		A57DC8F92B73CC3E004D3B2D /* OpenAISwift in Frameworks */ = {isa = PBXBuildFile; productRef = A57DC8F82B73CC3E004D3B2D /* OpenAISwift */; };
		A57DC8FB2B73CDDE004D3B2D /* GifImage.swift in Sources */ = {isa = PBXBuildFile; fileRef = A57DC8FA2B73CDDE004D3B2D /* GifImage.swift */; };
		A57DC8FD2B73CE04004D3B2D /* ContentView.swift in Sources */ = {isa = PBXBuildFile; fileRef = A57DC8FC2B73CE04004D3B2D /* ContentView.swift */; };
		A5DEA5BA2B70DAFE000C80E2 /* MemesCards.swift in Sources */ = {isa = PBXBuildFile; fileRef = A5DEA5B92B70DAFE000C80E2 /* MemesCards.swift */; };
		A5DEA5BC2B70DB34000C80E2 /* BirthdaysCards.swift in Sources */ = {isa = PBXBuildFile; fileRef = A5DEA5BB2B70DB34000C80E2 /* BirthdaysCards.swift */; };
		A5DEA5BE2B70DB97000C80E2 /* GenericCards.swift in Sources */ = {isa = PBXBuildFile; fileRef = A5DEA5BD2B70DB97000C80E2 /* GenericCards.swift */; };
		A5DEA5C02B70DBB7000C80E2 /* GratitudeCards.swift in Sources */ = {isa = PBXBuildFile; fileRef = A5DEA5BF2B70DBB7000C80E2 /* GratitudeCards.swift */; };
		A5DEA5C22B70DBF0000C80E2 /* GraduationCards.swift in Sources */ = {isa = PBXBuildFile; fileRef = A5DEA5C12B70DBF0000C80E2 /* GraduationCards.swift */; };
		A5DEA5C42B70DC1F000C80E2 /* ArtistCards.swift in Sources */ = {isa = PBXBuildFile; fileRef = A5DEA5C32B70DC1F000C80E2 /* ArtistCards.swift */; };
		A5DEA5C62B70DC39000C80E2 /* NewJobCards.swift in Sources */ = {isa = PBXBuildFile; fileRef = A5DEA5C52B70DC39000C80E2 /* NewJobCards.swift */; };
		A5DEA5C92B70DC92000C80E2 /* FoundationDayCards.swift in Sources */ = {isa = PBXBuildFile; fileRef = A5DEA5C82B70DC92000C80E2 /* FoundationDayCards.swift */; };
		A5DEA5CB2B70DCAE000C80E2 /* LeapEventCards.swift in Sources */ = {isa = PBXBuildFile; fileRef = A5DEA5CA2B70DCAE000C80E2 /* LeapEventCards.swift */; };
/* End PBXBuildFile section */

/* Begin PBXFileReference section */
		A52CEB212B57FD06008866CA /* Abar.app */ = {isa = PBXFileReference; explicitFileType = wrapper.application; includeInIndex = 0; path = Abar.app; sourceTree = BUILT_PRODUCTS_DIR; };
		A52CEB282B57FD07008866CA /* Assets.xcassets */ = {isa = PBXFileReference; lastKnownFileType = folder.assetcatalog; path = Assets.xcassets; sourceTree = "<group>"; };
		A52CEB2B2B57FD07008866CA /* Preview Assets.xcassets */ = {isa = PBXFileReference; lastKnownFileType = folder.assetcatalog; path = "Preview Assets.xcassets"; sourceTree = "<group>"; };
		A572CAB02B6A753400ED018E /* SplashPage.gif */ = {isa = PBXFileReference; lastKnownFileType = image.gif; path = SplashPage.gif; sourceTree = "<group>"; };
		A57DC8DB2B73C829004D3B2D /* AIview.swift */ = {isa = PBXFileReference; fileEncoding = 4; lastKnownFileType = sourcecode.swift; name = AIview.swift; path = "../../../Downloads/AbarFINAL/Abar 3/AIview.swift"; sourceTree = "<group>"; };
		A57DC8DD2B73C86F004D3B2D /* CardInputView.swift */ = {isa = PBXFileReference; fileEncoding = 4; lastKnownFileType = sourcecode.swift; name = CardInputView.swift; path = "../../../../Downloads/AbarFINAL/Abar 3/CardInputView.swift"; sourceTree = "<group>"; };
		A57DC8DE2B73C86F004D3B2D /* QRCodeView.swift */ = {isa = PBXFileReference; fileEncoding = 4; lastKnownFileType = sourcecode.swift; name = QRCodeView.swift; path = "../../../../Downloads/AbarFINAL/Abar 3/QRCodeView.swift"; sourceTree = "<group>"; };
		A57DC8DF2B73C86F004D3B2D /* FinalCardView.swift */ = {isa = PBXFileReference; fileEncoding = 4; lastKnownFileType = sourcecode.swift; name = FinalCardView.swift; path = "../../../../Downloads/AbarFINAL/Abar 3/FinalCardView.swift"; sourceTree = "<group>"; };
		A57DC8E02B73C86F004D3B2D /* OpenAIService.swift */ = {isa = PBXFileReference; fileEncoding = 4; lastKnownFileType = sourcecode.swift; name = OpenAIService.swift; path = "../../../../Downloads/AbarFINAL/Abar 3/OpenAIService.swift"; sourceTree = "<group>"; };
		A57DC8E12B73C86F004D3B2D /* ChatViewModel.swift */ = {isa = PBXFileReference; fileEncoding = 4; lastKnownFileType = sourcecode.swift; name = ChatViewModel.swift; path = "../../../../Downloads/AbarFINAL/Abar 3/ChatViewModel.swift"; sourceTree = "<group>"; };
		A57DC8E22B73C86F004D3B2D /* Preview.swift */ = {isa = PBXFileReference; fileEncoding = 4; lastKnownFileType = sourcecode.swift; name = Preview.swift; path = "../../../../Downloads/AbarFINAL/Abar 3/Preview.swift"; sourceTree = "<group>"; };
		A57DC8E32B73C86F004D3B2D /* SplashPage.swift */ = {isa = PBXFileReference; fileEncoding = 4; lastKnownFileType = sourcecode.swift; name = SplashPage.swift; path = "../../../../Downloads/AbarFINAL/Abar 3/SplashPage.swift"; sourceTree = "<group>"; };
		A57DC8EB2B73C87E004D3B2D /* SplashPage.swift */ = {isa = PBXFileReference; fileEncoding = 4; lastKnownFileType = sourcecode.swift; name = SplashPage.swift; path = "../../../Downloads/AbarFINAL/Abar 3/SplashPage.swift"; sourceTree = "<group>"; };
		A57DC8ED2B73C8A3004D3B2D /* OpenAIService.swift */ = {isa = PBXFileReference; fileEncoding = 4; lastKnownFileType = sourcecode.swift; name = OpenAIService.swift; path = "../../../Downloads/AbarFINAL/Abar 3/OpenAIService.swift"; sourceTree = "<group>"; };
		A57DC8EF2B73C8AF004D3B2D /* FinalCardView.swift */ = {isa = PBXFileReference; fileEncoding = 4; lastKnownFileType = sourcecode.swift; name = FinalCardView.swift; path = "../../../Downloads/AbarFINAL/Abar 3/FinalCardView.swift"; sourceTree = "<group>"; };
		A57DC8F12B73C8BB004D3B2D /* ChatViewModel.swift */ = {isa = PBXFileReference; fileEncoding = 4; lastKnownFileType = sourcecode.swift; name = ChatViewModel.swift; path = "../../../Downloads/AbarFINAL/Abar 3/ChatViewModel.swift"; sourceTree = "<group>"; };
		A57DC8F32B73C8C2004D3B2D /* CardInputView.swift */ = {isa = PBXFileReference; fileEncoding = 4; lastKnownFileType = sourcecode.swift; name = CardInputView.swift; path = "../../../Downloads/AbarFINAL/Abar 3/CardInputView.swift"; sourceTree = "<group>"; };
		A57DC8F52B73C8CE004D3B2D /* AbarApp.swift */ = {isa = PBXFileReference; fileEncoding = 4; lastKnownFileType = sourcecode.swift; name = AbarApp.swift; path = "../../../Downloads/AbarFINAL/Abar 3/AbarApp.swift"; sourceTree = "<group>"; };
		A57DC8FA2B73CDDE004D3B2D /* GifImage.swift */ = {isa = PBXFileReference; fileEncoding = 4; lastKnownFileType = sourcecode.swift; name = GifImage.swift; path = "../../../Downloads/Abar/Abar/Preview Content/GifImage.swift"; sourceTree = "<group>"; };
		A57DC8FC2B73CE04004D3B2D /* ContentView.swift */ = {isa = PBXFileReference; fileEncoding = 4; lastKnownFileType = sourcecode.swift; name = ContentView.swift; path = "../../../Downloads/AbarFINAL/Abar 3/ContentView.swift"; sourceTree = "<group>"; };
		A5DEA5B92B70DAFE000C80E2 /* MemesCards.swift */ = {isa = PBXFileReference; lastKnownFileType = sourcecode.swift; path = MemesCards.swift; sourceTree = "<group>"; };
		A5DEA5BB2B70DB34000C80E2 /* BirthdaysCards.swift */ = {isa = PBXFileReference; lastKnownFileType = sourcecode.swift; path = BirthdaysCards.swift; sourceTree = "<group>"; };
		A5DEA5BD2B70DB97000C80E2 /* GenericCards.swift */ = {isa = PBXFileReference; lastKnownFileType = sourcecode.swift; path = GenericCards.swift; sourceTree = "<group>"; };
		A5DEA5BF2B70DBB7000C80E2 /* GratitudeCards.swift */ = {isa = PBXFileReference; lastKnownFileType = sourcecode.swift; path = GratitudeCards.swift; sourceTree = "<group>"; };
		A5DEA5C12B70DBF0000C80E2 /* GraduationCards.swift */ = {isa = PBXFileReference; lastKnownFileType = sourcecode.swift; path = GraduationCards.swift; sourceTree = "<group>"; };
		A5DEA5C32B70DC1F000C80E2 /* ArtistCards.swift */ = {isa = PBXFileReference; lastKnownFileType = sourcecode.swift; path = ArtistCards.swift; sourceTree = "<group>"; };
		A5DEA5C52B70DC39000C80E2 /* NewJobCards.swift */ = {isa = PBXFileReference; lastKnownFileType = sourcecode.swift; path = NewJobCards.swift; sourceTree = "<group>"; };
		A5DEA5C82B70DC92000C80E2 /* FoundationDayCards.swift */ = {isa = PBXFileReference; lastKnownFileType = sourcecode.swift; path = FoundationDayCards.swift; sourceTree = "<group>"; };
		A5DEA5CA2B70DCAE000C80E2 /* LeapEventCards.swift */ = {isa = PBXFileReference; lastKnownFileType = sourcecode.swift; path = LeapEventCards.swift; sourceTree = "<group>"; };
/* End PBXFileReference section */

/* Begin PBXFrameworksBuildPhase section */
		A52CEB1E2B57FD06008866CA /* Frameworks */ = {
			isa = PBXFrameworksBuildPhase;
			buildActionMask = 2147483647;
			files = (
				A57DC8F92B73CC3E004D3B2D /* OpenAISwift in Frameworks */,
			);
			runOnlyForDeploymentPostprocessing = 0;
		};
/* End PBXFrameworksBuildPhase section */

/* Begin PBXGroup section */
		A52CEB182B57FD06008866CA = {
			isa = PBXGroup;
			children = (
				A52CEB232B57FD06008866CA /* Abar */,
				A52CEB222B57FD06008866CA /* Products */,
			);
			sourceTree = "<group>";
		};
		A52CEB222B57FD06008866CA /* Products */ = {
			isa = PBXGroup;
			children = (
				A52CEB212B57FD06008866CA /* Abar.app */,
			);
			name = Products;
			sourceTree = "<group>";
		};
		A52CEB232B57FD06008866CA /* Abar */ = {
			isa = PBXGroup;
			children = (
				A57DC8F52B73C8CE004D3B2D /* AbarApp.swift */,
				A5DEA5B82B70DAA8000C80E2 /* New Group */,
				A57DC8EB2B73C87E004D3B2D /* SplashPage.swift */,
				A57DC8FC2B73CE04004D3B2D /* ContentView.swift */,
				A57DC8F12B73C8BB004D3B2D /* ChatViewModel.swift */,
				A57DC8EF2B73C8AF004D3B2D /* FinalCardView.swift */,
				A57DC8F32B73C8C2004D3B2D /* CardInputView.swift */,
				A57DC8ED2B73C8A3004D3B2D /* OpenAIService.swift */,
				A57DC8DB2B73C829004D3B2D /* AIview.swift */,
				A57DC8FA2B73CDDE004D3B2D /* GifImage.swift */,
				A572CAB02B6A753400ED018E /* SplashPage.gif */,
				A52CEB282B57FD07008866CA /* Assets.xcassets */,
				A52CEB2A2B57FD07008866CA /* Preview Content */,
			);
			path = Abar;
			sourceTree = "<group>";
		};
		A52CEB2A2B57FD07008866CA /* Preview Content */ = {
			isa = PBXGroup;
			children = (
				A57DC8DD2B73C86F004D3B2D /* CardInputView.swift */,
				A57DC8E12B73C86F004D3B2D /* ChatViewModel.swift */,
				A57DC8DF2B73C86F004D3B2D /* FinalCardView.swift */,
				A57DC8E02B73C86F004D3B2D /* OpenAIService.swift */,
				A57DC8E22B73C86F004D3B2D /* Preview.swift */,
				A57DC8DE2B73C86F004D3B2D /* QRCodeView.swift */,
				A57DC8E32B73C86F004D3B2D /* SplashPage.swift */,
				A52CEB2B2B57FD07008866CA /* Preview Assets.xcassets */,
			);
			path = "Preview Content";
			sourceTree = "<group>";
		};
		A5DEA5B82B70DAA8000C80E2 /* New Group */ = {
			isa = PBXGroup;
			children = (
				A5DEA5C72B70DC63000C80E2 /* Special Occasions */,
				A5DEA5BB2B70DB34000C80E2 /* BirthdaysCards.swift */,
				A5DEA5BD2B70DB97000C80E2 /* GenericCards.swift */,
				A5DEA5BF2B70DBB7000C80E2 /* GratitudeCards.swift */,
				A5DEA5B92B70DAFE000C80E2 /* MemesCards.swift */,
				A5DEA5C12B70DBF0000C80E2 /* GraduationCards.swift */,
				A5DEA5C32B70DC1F000C80E2 /* ArtistCards.swift */,
				A5DEA5C52B70DC39000C80E2 /* NewJobCards.swift */,
			);
			path = "New Group";
			sourceTree = "<group>";
		};
		A5DEA5C72B70DC63000C80E2 /* Special Occasions */ = {
			isa = PBXGroup;
			children = (
				A5DEA5C82B70DC92000C80E2 /* FoundationDayCards.swift */,
				A5DEA5CA2B70DCAE000C80E2 /* LeapEventCards.swift */,
			);
			path = "Special Occasions";
			sourceTree = "<group>";
		};
/* End PBXGroup section */

/* Begin PBXNativeTarget section */
		A52CEB202B57FD06008866CA /* Abar */ = {
			isa = PBXNativeTarget;
			buildConfigurationList = A52CEB2F2B57FD07008866CA /* Build configuration list for PBXNativeTarget "Abar" */;
			buildPhases = (
				A52CEB1D2B57FD06008866CA /* Sources */,
				A52CEB1E2B57FD06008866CA /* Frameworks */,
				A52CEB1F2B57FD06008866CA /* Resources */,
			);
			buildRules = (
			);
			dependencies = (
			);
			name = Abar;
			packageProductDependencies = (
				A57DC8F82B73CC3E004D3B2D /* OpenAISwift */,
			);
			productName = Abar;
			productReference = A52CEB212B57FD06008866CA /* Abar.app */;
			productType = "com.apple.product-type.application";
		};
/* End PBXNativeTarget section */

/* Begin PBXProject section */
		A52CEB192B57FD06008866CA /* Project object */ = {
			isa = PBXProject;
			attributes = {
				BuildIndependentTargetsInParallel = 1;
				LastSwiftUpdateCheck = 1510;
				LastUpgradeCheck = 1510;
				TargetAttributes = {
					A52CEB202B57FD06008866CA = {
						CreatedOnToolsVersion = 15.1;
					};
				};
			};
			buildConfigurationList = A52CEB1C2B57FD06008866CA /* Build configuration list for PBXProject "Abar" */;
			compatibilityVersion = "Xcode 14.0";
			developmentRegion = en;
			hasScannedForEncodings = 0;
			knownRegions = (
				en,
				Base,
			);
			mainGroup = A52CEB182B57FD06008866CA;
			packageReferences = (
				A57DC8F72B73CC3E004D3B2D /* XCRemoteSwiftPackageReference "OpenAISwift" */,
			);
			productRefGroup = A52CEB222B57FD06008866CA /* Products */;
			projectDirPath = "";
			projectRoot = "";
			targets = (
				A52CEB202B57FD06008866CA /* Abar */,
			);
		};
/* End PBXProject section */

/* Begin PBXResourcesBuildPhase section */
		A52CEB1F2B57FD06008866CA /* Resources */ = {
			isa = PBXResourcesBuildPhase;
			buildActionMask = 2147483647;
			files = (
				A52CEB2C2B57FD07008866CA /* Preview Assets.xcassets in Resources */,
				A52CEB292B57FD07008866CA /* Assets.xcassets in Resources */,
			);
			runOnlyForDeploymentPostprocessing = 0;
		};
/* End PBXResourcesBuildPhase section */

/* Begin PBXSourcesBuildPhase section */
		A52CEB1D2B57FD06008866CA /* Sources */ = {
			isa = PBXSourcesBuildPhase;
			buildActionMask = 2147483647;
			files = (
				A57DC8E52B73C86F004D3B2D /* QRCodeView.swift in Sources */,
				A57DC8FD2B73CE04004D3B2D /* ContentView.swift in Sources */,
				A57DC8F22B73C8BB004D3B2D /* ChatViewModel.swift in Sources */,
				A57DC8FB2B73CDDE004D3B2D /* GifImage.swift in Sources */,
				A5DEA5C42B70DC1F000C80E2 /* ArtistCards.swift in Sources */,
				A5DEA5C62B70DC39000C80E2 /* NewJobCards.swift in Sources */,
				A57DC8DC2B73C829004D3B2D /* AIview.swift in Sources */,
				A5DEA5BC2B70DB34000C80E2 /* BirthdaysCards.swift in Sources */,
				A57DC8EE2B73C8A3004D3B2D /* OpenAIService.swift in Sources */,
				A5DEA5C22B70DBF0000C80E2 /* GraduationCards.swift in Sources */,
				A5DEA5C92B70DC92000C80E2 /* FoundationDayCards.swift in Sources */,
				A57DC8E72B73C86F004D3B2D /* OpenAIService.swift in Sources */,
				A57DC8EA2B73C86F004D3B2D /* SplashPage.swift in Sources */,
				A5DEA5BE2B70DB97000C80E2 /* GenericCards.swift in Sources */,
				A5DEA5C02B70DBB7000C80E2 /* GratitudeCards.swift in Sources */,
				A57DC8E92B73C86F004D3B2D /* Preview.swift in Sources */,
				A57DC8E42B73C86F004D3B2D /* CardInputView.swift in Sources */,
				A57DC8EC2B73C87E004D3B2D /* SplashPage.swift in Sources */,
				A5DEA5CB2B70DCAE000C80E2 /* LeapEventCards.swift in Sources */,
				A5DEA5BA2B70DAFE000C80E2 /* MemesCards.swift in Sources */,
				A57DC8F02B73C8AF004D3B2D /* FinalCardView.swift in Sources */,
				A57DC8F42B73C8C2004D3B2D /* CardInputView.swift in Sources */,
				A57DC8E82B73C86F004D3B2D /* ChatViewModel.swift in Sources */,
				A57DC8F62B73C8CE004D3B2D /* AbarApp.swift in Sources */,
				A57DC8E62B73C86F004D3B2D /* FinalCardView.swift in Sources */,
			);
			runOnlyForDeploymentPostprocessing = 0;
		};
/* End PBXSourcesBuildPhase section */

/* Begin XCBuildConfiguration section */
		A52CEB2D2B57FD07008866CA /* Debug */ = {
			isa = XCBuildConfiguration;
			buildSettings = {
				ALWAYS_SEARCH_USER_PATHS = NO;
				ASSETCATALOG_COMPILER_GENERATE_SWIFT_ASSET_SYMBOL_EXTENSIONS = YES;
				CLANG_ANALYZER_NONNULL = YES;
				CLANG_ANALYZER_NUMBER_OBJECT_CONVERSION = YES_AGGRESSIVE;
				CLANG_CXX_LANGUAGE_STANDARD = "gnu++20";
				CLANG_ENABLE_MODULES = YES;
				CLANG_ENABLE_OBJC_ARC = YES;
				CLANG_ENABLE_OBJC_WEAK = YES;
				CLANG_WARN_BLOCK_CAPTURE_AUTORELEASING = YES;
				CLANG_WARN_BOOL_CONVERSION = YES;
				CLANG_WARN_COMMA = YES;
				CLANG_WARN_CONSTANT_CONVERSION = YES;
				CLANG_WARN_DEPRECATED_OBJC_IMPLEMENTATIONS = YES;
				CLANG_WARN_DIRECT_OBJC_ISA_USAGE = YES_ERROR;
				CLANG_WARN_DOCUMENTATION_COMMENTS = YES;
				CLANG_WARN_EMPTY_BODY = YES;
				CLANG_WARN_ENUM_CONVERSION = YES;
				CLANG_WARN_INFINITE_RECURSION = YES;
				CLANG_WARN_INT_CONVERSION = YES;
				CLANG_WARN_NON_LITERAL_NULL_CONVERSION = YES;
				CLANG_WARN_OBJC_IMPLICIT_RETAIN_SELF = YES;
				CLANG_WARN_OBJC_LITERAL_CONVERSION = YES;
				CLANG_WARN_OBJC_ROOT_CLASS = YES_ERROR;
				CLANG_WARN_QUOTED_INCLUDE_IN_FRAMEWORK_HEADER = YES;
				CLANG_WARN_RANGE_LOOP_ANALYSIS = YES;
				CLANG_WARN_STRICT_PROTOTYPES = YES;
				CLANG_WARN_SUSPICIOUS_MOVE = YES;
				CLANG_WARN_UNGUARDED_AVAILABILITY = YES_AGGRESSIVE;
				CLANG_WARN_UNREACHABLE_CODE = YES;
				CLANG_WARN__DUPLICATE_METHOD_MATCH = YES;
				COPY_PHASE_STRIP = NO;
				DEBUG_INFORMATION_FORMAT = dwarf;
				ENABLE_STRICT_OBJC_MSGSEND = YES;
				ENABLE_TESTABILITY = YES;
				ENABLE_USER_SCRIPT_SANDBOXING = YES;
				GCC_C_LANGUAGE_STANDARD = gnu17;
				GCC_DYNAMIC_NO_PIC = NO;
				GCC_NO_COMMON_BLOCKS = YES;
				GCC_OPTIMIZATION_LEVEL = 0;
				GCC_PREPROCESSOR_DEFINITIONS = (
					"DEBUG=1",
					"$(inherited)",
				);
				GCC_WARN_64_TO_32_BIT_CONVERSION = YES;
				GCC_WARN_ABOUT_RETURN_TYPE = YES_ERROR;
				GCC_WARN_UNDECLARED_SELECTOR = YES;
				GCC_WARN_UNINITIALIZED_AUTOS = YES_AGGRESSIVE;
				GCC_WARN_UNUSED_FUNCTION = YES;
				GCC_WARN_UNUSED_VARIABLE = YES;
				IPHONEOS_DEPLOYMENT_TARGET = 17.2;
				LOCALIZATION_PREFERS_STRING_CATALOGS = YES;
				MTL_ENABLE_DEBUG_INFO = INCLUDE_SOURCE;
				MTL_FAST_MATH = YES;
				ONLY_ACTIVE_ARCH = YES;
				SDKROOT = iphoneos;
				SWIFT_ACTIVE_COMPILATION_CONDITIONS = "DEBUG $(inherited)";
				SWIFT_OPTIMIZATION_LEVEL = "-Onone";
			};
			name = Debug;
		};
		A52CEB2E2B57FD07008866CA /* Release */ = {
			isa = XCBuildConfiguration;
			buildSettings = {
				ALWAYS_SEARCH_USER_PATHS = NO;
				ASSETCATALOG_COMPILER_GENERATE_SWIFT_ASSET_SYMBOL_EXTENSIONS = YES;
				CLANG_ANALYZER_NONNULL = YES;
				CLANG_ANALYZER_NUMBER_OBJECT_CONVERSION = YES_AGGRESSIVE;
				CLANG_CXX_LANGUAGE_STANDARD = "gnu++20";
				CLANG_ENABLE_MODULES = YES;
				CLANG_ENABLE_OBJC_ARC = YES;
				CLANG_ENABLE_OBJC_WEAK = YES;
				CLANG_WARN_BLOCK_CAPTURE_AUTORELEASING = YES;
				CLANG_WARN_BOOL_CONVERSION = YES;
				CLANG_WARN_COMMA = YES;
				CLANG_WARN_CONSTANT_CONVERSION = YES;
				CLANG_WARN_DEPRECATED_OBJC_IMPLEMENTATIONS = YES;
				CLANG_WARN_DIRECT_OBJC_ISA_USAGE = YES_ERROR;
				CLANG_WARN_DOCUMENTATION_COMMENTS = YES;
				CLANG_WARN_EMPTY_BODY = YES;
				CLANG_WARN_ENUM_CONVERSION = YES;
				CLANG_WARN_INFINITE_RECURSION = YES;
				CLANG_WARN_INT_CONVERSION = YES;
				CLANG_WARN_NON_LITERAL_NULL_CONVERSION = YES;
				CLANG_WARN_OBJC_IMPLICIT_RETAIN_SELF = YES;
				CLANG_WARN_OBJC_LITERAL_CONVERSION = YES;
				CLANG_WARN_OBJC_ROOT_CLASS = YES_ERROR;
				CLANG_WARN_QUOTED_INCLUDE_IN_FRAMEWORK_HEADER = YES;
				CLANG_WARN_RANGE_LOOP_ANALYSIS = YES;
				CLANG_WARN_STRICT_PROTOTYPES = YES;
				CLANG_WARN_SUSPICIOUS_MOVE = YES;
				CLANG_WARN_UNGUARDED_AVAILABILITY = YES_AGGRESSIVE;
				CLANG_WARN_UNREACHABLE_CODE = YES;
				CLANG_WARN__DUPLICATE_METHOD_MATCH = YES;
				COPY_PHASE_STRIP = NO;
				DEBUG_INFORMATION_FORMAT = "dwarf-with-dsym";
				ENABLE_NS_ASSERTIONS = NO;
				ENABLE_STRICT_OBJC_MSGSEND = YES;
				ENABLE_USER_SCRIPT_SANDBOXING = YES;
				GCC_C_LANGUAGE_STANDARD = gnu17;
				GCC_NO_COMMON_BLOCKS = YES;
				GCC_WARN_64_TO_32_BIT_CONVERSION = YES;
				GCC_WARN_ABOUT_RETURN_TYPE = YES_ERROR;
				GCC_WARN_UNDECLARED_SELECTOR = YES;
				GCC_WARN_UNINITIALIZED_AUTOS = YES_AGGRESSIVE;
				GCC_WARN_UNUSED_FUNCTION = YES;
				GCC_WARN_UNUSED_VARIABLE = YES;
				IPHONEOS_DEPLOYMENT_TARGET = 17.2;
				LOCALIZATION_PREFERS_STRING_CATALOGS = YES;
				MTL_ENABLE_DEBUG_INFO = NO;
				MTL_FAST_MATH = YES;
				SDKROOT = iphoneos;
				SWIFT_COMPILATION_MODE = wholemodule;
				VALIDATE_PRODUCT = YES;
			};
			name = Release;
		};
		A52CEB302B57FD07008866CA /* Debug */ = {
			isa = XCBuildConfiguration;
			buildSettings = {
				ASSETCATALOG_COMPILER_APPICON_NAME = AppIcon;
				ASSETCATALOG_COMPILER_GLOBAL_ACCENT_COLOR_NAME = AccentColor;
				CODE_SIGN_STYLE = Automatic;
				CURRENT_PROJECT_VERSION = 1;
				DEVELOPMENT_ASSET_PATHS = "\"Abar/Preview Content\"";
				ENABLE_PREVIEWS = YES;
				GENERATE_INFOPLIST_FILE = YES;
				INFOPLIST_KEY_UIApplicationSceneManifest_Generation = YES;
				INFOPLIST_KEY_UIApplicationSupportsIndirectInputEvents = YES;
				INFOPLIST_KEY_UILaunchScreen_Generation = YES;
				INFOPLIST_KEY_UISupportedInterfaceOrientations_iPad = "UIInterfaceOrientationPortrait UIInterfaceOrientationPortraitUpsideDown UIInterfaceOrientationLandscapeLeft UIInterfaceOrientationLandscapeRight";
				INFOPLIST_KEY_UISupportedInterfaceOrientations_iPhone = "UIInterfaceOrientationPortrait UIInterfaceOrientationLandscapeLeft UIInterfaceOrientationLandscapeRight";
				LD_RUNPATH_SEARCH_PATHS = (
					"$(inherited)",
					"@executable_path/Frameworks",
				);
				MARKETING_VERSION = 1.0;
				PRODUCT_BUNDLE_IDENTIFIER = twq.Abar;
				PRODUCT_NAME = "$(TARGET_NAME)";
				SUPPORTED_PLATFORMS = "iphoneos iphonesimulator";
				SUPPORTS_MACCATALYST = NO;
				SUPPORTS_MAC_DESIGNED_FOR_IPHONE_IPAD = NO;
				SUPPORTS_XR_DESIGNED_FOR_IPHONE_IPAD = NO;
				SWIFT_EMIT_LOC_STRINGS = YES;
				SWIFT_VERSION = 5.0;
				TARGETED_DEVICE_FAMILY = 1;
			};
			name = Debug;
		};
		A52CEB312B57FD07008866CA /* Release */ = {
			isa = XCBuildConfiguration;
			buildSettings = {
				ASSETCATALOG_COMPILER_APPICON_NAME = AppIcon;
				ASSETCATALOG_COMPILER_GLOBAL_ACCENT_COLOR_NAME = AccentColor;
				CODE_SIGN_STYLE = Automatic;
				CURRENT_PROJECT_VERSION = 1;
				DEVELOPMENT_ASSET_PATHS = "\"Abar/Preview Content\"";
				ENABLE_PREVIEWS = YES;
				GENERATE_INFOPLIST_FILE = YES;
				INFOPLIST_KEY_UIApplicationSceneManifest_Generation = YES;
				INFOPLIST_KEY_UIApplicationSupportsIndirectInputEvents = YES;
				INFOPLIST_KEY_UILaunchScreen_Generation = YES;
				INFOPLIST_KEY_UISupportedInterfaceOrientations_iPad = "UIInterfaceOrientationPortrait UIInterfaceOrientationPortraitUpsideDown UIInterfaceOrientationLandscapeLeft UIInterfaceOrientationLandscapeRight";
				INFOPLIST_KEY_UISupportedInterfaceOrientations_iPhone = "UIInterfaceOrientationPortrait UIInterfaceOrientationLandscapeLeft UIInterfaceOrientationLandscapeRight";
				LD_RUNPATH_SEARCH_PATHS = (
					"$(inherited)",
					"@executable_path/Frameworks",
				);
				MARKETING_VERSION = 1.0;
				PRODUCT_BUNDLE_IDENTIFIER = twq.Abar;
				PRODUCT_NAME = "$(TARGET_NAME)";
				SUPPORTED_PLATFORMS = "iphoneos iphonesimulator";
				SUPPORTS_MACCATALYST = NO;
				SUPPORTS_MAC_DESIGNED_FOR_IPHONE_IPAD = NO;
				SUPPORTS_XR_DESIGNED_FOR_IPHONE_IPAD = NO;
				SWIFT_EMIT_LOC_STRINGS = YES;
				SWIFT_VERSION = 5.0;
				TARGETED_DEVICE_FAMILY = 1;
			};
			name = Release;
		};
/* End XCBuildConfiguration section */

/* Begin XCConfigurationList section */
		A52CEB1C2B57FD06008866CA /* Build configuration list for PBXProject "Abar" */ = {
			isa = XCConfigurationList;
			buildConfigurations = (
				A52CEB2D2B57FD07008866CA /* Debug */,
				A52CEB2E2B57FD07008866CA /* Release */,
			);
			defaultConfigurationIsVisible = 0;
			defaultConfigurationName = Release;
		};
		A52CEB2F2B57FD07008866CA /* Build configuration list for PBXNativeTarget "Abar" */ = {
			isa = XCConfigurationList;
			buildConfigurations = (
				A52CEB302B57FD07008866CA /* Debug */,
				A52CEB312B57FD07008866CA /* Release */,
			);
			defaultConfigurationIsVisible = 0;
			defaultConfigurationName = Release;
		};
/* End XCConfigurationList section */

/* Begin XCRemoteSwiftPackageReference section */
		A57DC8F72B73CC3E004D3B2D /* XCRemoteSwiftPackageReference "OpenAISwift" */ = {
			isa = XCRemoteSwiftPackageReference;
			repositoryURL = "https://github.com/adamrushy/OpenAISwift";
			requirement = {
				kind = upToNextMajorVersion;
				minimumVersion = 1.4.1;
			};
		};
/* End XCRemoteSwiftPackageReference section */

/* Begin XCSwiftPackageProductDependency section */
		A57DC8F82B73CC3E004D3B2D /* OpenAISwift */ = {
			isa = XCSwiftPackageProductDependency;
			package = A57DC8F72B73CC3E004D3B2D /* XCRemoteSwiftPackageReference "OpenAISwift" */;
			productName = OpenAISwift;
		};
/* End XCSwiftPackageProductDependency section */
	};
	rootObject = A52CEB192B57FD06008866CA /* Project object */;
}
